
Microsoft Visual Studio Solution File, Format Version 12.00
# Visual Studio Version 16
VisualStudioVersion = 16.0.31410.357
MinimumVisualStudioVersion = 10.0.40219.1
Project("{FAE04EC0-301F-11D3-BF4B-00C04F79EFBC}") = "quiz410754427", "quiz410754427\quiz410754427.csproj", "{E1E27069-9C7F-4C9D-B148-4E84DD6C132B}"
EndProject
Global
	GlobalSection(SolutionConfigurationPlatforms) = preSolution
		Debug|Any CPU = Debug|Any CPU
		Release|Any CPU = Release|Any CPU
	EndGlobalSection
	GlobalSection(ProjectConfigurationPlatforms) = postSolution
		{E1E27069-9C7F-4C9D-B148-4E84DD6C132B}.Debug|Any CPU.ActiveCfg = Debug|Any CPU
		{E1E27069-9C7F-4C9D-B148-4E84DD6C132B}.Debug|Any CPU.Build.0 = Debug|Any CPU
		{E1E27069-9C7F-4C9D-B148-4E84DD6C132B}.Release|Any CPU.ActiveCfg = Release|Any CPU
		{E1E27069-9C7F-4C9D-B148-4E84DD6C132B}.Release|Any CPU.Build.0 = Release|Any CPU
	EndGlobalSection
	GlobalSection(SolutionProperties) = preSolution
		HideSolutionNode = FALSE
	EndGlobalSection
	GlobalSection(ExtensibilityGlobals) = postSolution
		SolutionGuid = {44CFCF11-EBC8-4985-A6AE-0853A6234DDD}
	EndGlobalSection
EndGlobal
